
Microsoft Visual Studio Solution File, Format Version 12.00
# Visual Studio Version 17
VisualStudioVersion = 17.4.33103.184
MinimumVisualStudioVersion = 10.0.40219.1
Project("{FAE04EC0-301F-11D3-BF4B-00C04F79EFBC}") = "Core", "Core\Core.csproj", "{A0765088-FE39-48FC-85A5-884B17FA46FA}"
EndProject
Project("{FAE04EC0-301F-11D3-BF4B-00C04F79EFBC}") = "Repository", "Repository\Repository.csproj", "{553335C7-56DE-4AD1-AFEE-4DA24D60D81E}"
EndProject
Project("{FAE04EC0-301F-11D3-BF4B-00C04F79EFBC}") = "Service", "Service\Service.csproj", "{B139E4B0-EE98-46DF-A57D-1EA6C04CED08}"
EndProject
Project("{FAE04EC0-301F-11D3-BF4B-00C04F79EFBC}") = "API", "API\API.csproj", "{E3FC2D9C-AAFC-4777-8F0C-1CA5FEFA72BA}"
EndProject
Project("{FAE04EC0-301F-11D3-BF4B-00C04F79EFBC}") = "Web", "Web\Web.csproj", "{1DEF1A41-8CD8-4EBF-8DB6-CFA195C2444A}"
EndProject
Project("{FAE04EC0-301F-11D3-BF4B-00C04F79EFBC}") = "Caching", "Caching\Caching.csproj", "{6AAA0126-F797-475D-B688-C5FEB0547C73}"
EndProject
Global
	GlobalSection(SolutionConfigurationPlatforms) = preSolution
		Debug|Any CPU = Debug|Any CPU
		Release|Any CPU = Release|Any CPU
	EndGlobalSection
	GlobalSection(ProjectConfigurationPlatforms) = postSolution
		{A0765088-FE39-48FC-85A5-884B17FA46FA}.Debug|Any CPU.ActiveCfg = Debug|Any CPU
		{A0765088-FE39-48FC-85A5-884B17FA46FA}.Debug|Any CPU.Build.0 = Debug|Any CPU
		{A0765088-FE39-48FC-85A5-884B17FA46FA}.Release|Any CPU.ActiveCfg = Release|Any CPU
		{A0765088-FE39-48FC-85A5-884B17FA46FA}.Release|Any CPU.Build.0 = Release|Any CPU
		{553335C7-56DE-4AD1-AFEE-4DA24D60D81E}.Debug|Any CPU.ActiveCfg = Debug|Any CPU
		{553335C7-56DE-4AD1-AFEE-4DA24D60D81E}.Debug|Any CPU.Build.0 = Debug|Any CPU
		{553335C7-56DE-4AD1-AFEE-4DA24D60D81E}.Release|Any CPU.ActiveCfg = Release|Any CPU
		{553335C7-56DE-4AD1-AFEE-4DA24D60D81E}.Release|Any CPU.Build.0 = Release|Any CPU
		{B139E4B0-EE98-46DF-A57D-1EA6C04CED08}.Debug|Any CPU.ActiveCfg = Debug|Any CPU
		{B139E4B0-EE98-46DF-A57D-1EA6C04CED08}.Debug|Any CPU.Build.0 = Debug|Any CPU
		{B139E4B0-EE98-46DF-A57D-1EA6C04CED08}.Release|Any CPU.ActiveCfg = Release|Any CPU
		{B139E4B0-EE98-46DF-A57D-1EA6C04CED08}.Release|Any CPU.Build.0 = Release|Any CPU
		{E3FC2D9C-AAFC-4777-8F0C-1CA5FEFA72BA}.Debug|Any CPU.ActiveCfg = Debug|Any CPU
		{E3FC2D9C-AAFC-4777-8F0C-1CA5FEFA72BA}.Debug|Any CPU.Build.0 = Debug|Any CPU
		{E3FC2D9C-AAFC-4777-8F0C-1CA5FEFA72BA}.Release|Any CPU.ActiveCfg = Release|Any CPU
		{E3FC2D9C-AAFC-4777-8F0C-1CA5FEFA72BA}.Release|Any CPU.Build.0 = Release|Any CPU
		{1DEF1A41-8CD8-4EBF-8DB6-CFA195C2444A}.Debug|Any CPU.ActiveCfg = Debug|Any CPU
		{1DEF1A41-8CD8-4EBF-8DB6-CFA195C2444A}.Debug|Any CPU.Build.0 = Debug|Any CPU
		{1DEF1A41-8CD8-4EBF-8DB6-CFA195C2444A}.Release|Any CPU.ActiveCfg = Release|Any CPU
		{1DEF1A41-8CD8-4EBF-8DB6-CFA195C2444A}.Release|Any CPU.Build.0 = Release|Any CPU
		{6AAA0126-F797-475D-B688-C5FEB0547C73}.Debug|Any CPU.ActiveCfg = Debug|Any CPU
		{6AAA0126-F797-475D-B688-C5FEB0547C73}.Debug|Any CPU.Build.0 = Debug|Any CPU
		{6AAA0126-F797-475D-B688-C5FEB0547C73}.Release|Any CPU.ActiveCfg = Release|Any CPU
		{6AAA0126-F797-475D-B688-C5FEB0547C73}.Release|Any CPU.Build.0 = Release|Any CPU
	EndGlobalSection
	GlobalSection(SolutionProperties) = preSolution
		HideSolutionNode = FALSE
	EndGlobalSection
	GlobalSection(ExtensibilityGlobals) = postSolution
		SolutionGuid = {9DCB29BE-E376-4C05-9F56-B7779611EB04}
	EndGlobalSection
EndGlobal
